// !$*UTF8*$!
{
	archiveVersion = 1;
	classes = {
	};
	objectVersion = 56;
	objects = {

/* Begin PBXBuildFile section */
		6BC2A6D629B10F58009BD1B1 /* Re:Max Location.gpx in Resources */ = {isa = PBXBuildFile; fileRef = 6BC2A6CB29B10F57009BD1B1 /* Re:Max Location.gpx */; };
		6BC2A6D729B10F58009BD1B1 /* blue credit 3.gpx in Resources */ = {isa = PBXBuildFile; fileRef = 6BC2A6CC29B10F57009BD1B1 /* blue credit 3.gpx */; };
		6BC2A6D829B10F58009BD1B1 /* blue credit 2.gpx in Resources */ = {isa = PBXBuildFile; fileRef = 6BC2A6CD29B10F57009BD1B1 /* blue credit 2.gpx */; };
		6BC2A6D929B10F58009BD1B1 /* Cups Coffee.gpx in Resources */ = {isa = PBXBuildFile; fileRef = 6BC2A6CE29B10F57009BD1B1 /* Cups Coffee.gpx */; };
		6BC2A6DA29B10F58009BD1B1 /* Tmobile 2.gpx in Resources */ = {isa = PBXBuildFile; fileRef = 6BC2A6CF29B10F57009BD1B1 /* Tmobile 2.gpx */; };
		6BC2A6DB29B10F58009BD1B1 /* Tmobile 1.gpx in Resources */ = {isa = PBXBuildFile; fileRef = 6BC2A6D029B10F58009BD1B1 /* Tmobile 1.gpx */; };
		6BC2A6DC29B10F58009BD1B1 /* blue credit 1.gpx in Resources */ = {isa = PBXBuildFile; fileRef = 6BC2A6D129B10F58009BD1B1 /* blue credit 1.gpx */; };
		6BC2A6DD29B10F58009BD1B1 /* Tmobile 3.gpx in Resources */ = {isa = PBXBuildFile; fileRef = 6BC2A6D229B10F58009BD1B1 /* Tmobile 3.gpx */; };
		6BC2A6DE29B10F58009BD1B1 /* blankish template copy 3.gpx in Resources */ = {isa = PBXBuildFile; fileRef = 6BC2A6D329B10F58009BD1B1 /* blankish template copy 3.gpx */; };
		6BC2A6DF29B10F58009BD1B1 /* Cross Country.gpx in Resources */ = {isa = PBXBuildFile; fileRef = 6BC2A6D429B10F58009BD1B1 /* Cross Country.gpx */; };
		6BC2A6E029B10F58009BD1B1 /* Super Natural Eats.gpx in Resources */ = {isa = PBXBuildFile; fileRef = 6BC2A6D529B10F58009BD1B1 /* Super Natural Eats.gpx */; };
		9F0F24FF29B6B81300507C5E /* offers.json in Resources */ = {isa = PBXBuildFile; fileRef = 9F0F24FE29B6B81300507C5E /* offers.json */; };
		AEF1EAD729AFB6F0009D3C63 /* Offer.swift in Sources */ = {isa = PBXBuildFile; fileRef = AEF1EAD629AFB6F0009D3C63 /* Offer.swift */; };
		AEF1EAD929AFBC47009D3C63 /* OfferCell.xib in Resources */ = {isa = PBXBuildFile; fileRef = AEF1EAD829AFBC47009D3C63 /* OfferCell.xib */; };
		AEF1EADB29AFBD01009D3C63 /* OfferCell.swift in Sources */ = {isa = PBXBuildFile; fileRef = AEF1EADA29AFBD01009D3C63 /* OfferCell.swift */; };
		AEF1EADD29AFC0ED009D3C63 /* OfferList.swift in Sources */ = {isa = PBXBuildFile; fileRef = AEF1EADC29AFC0ED009D3C63 /* OfferList.swift */; };
		AEF1EADF29AFC6D1009D3C63 /* OfferMap.swift in Sources */ = {isa = PBXBuildFile; fileRef = AEF1EADE29AFC6D1009D3C63 /* OfferMap.swift */; };
		AEF8158329AE71FA00E2BC4C /* AppDelegate.swift in Sources */ = {isa = PBXBuildFile; fileRef = AEF8158229AE71FA00E2BC4C /* AppDelegate.swift */; };
		AEF8158529AE71FA00E2BC4C /* SceneDelegate.swift in Sources */ = {isa = PBXBuildFile; fileRef = AEF8158429AE71FA00E2BC4C /* SceneDelegate.swift */; };
		AEF8158A29AE71FA00E2BC4C /* Main.storyboard in Resources */ = {isa = PBXBuildFile; fileRef = AEF8158829AE71FA00E2BC4C /* Main.storyboard */; };
		AEF8158F29AE71FB00E2BC4C /* LaunchScreen.storyboard in Resources */ = {isa = PBXBuildFile; fileRef = AEF8158D29AE71FB00E2BC4C /* LaunchScreen.storyboard */; };
		AEF8159A29AE71FB00E2BC4C /* PSDOffersTests.swift in Sources */ = {isa = PBXBuildFile; fileRef = AEF8159929AE71FB00E2BC4C /* PSDOffersTests.swift */; };
		AEF815A429AE71FC00E2BC4C /* PSDOffersUITests.swift in Sources */ = {isa = PBXBuildFile; fileRef = AEF815A329AE71FC00E2BC4C /* PSDOffersUITests.swift */; };
		AEF815A629AE71FC00E2BC4C /* PSDOffersUITestsLaunchTests.swift in Sources */ = {isa = PBXBuildFile; fileRef = AEF815A529AE71FC00E2BC4C /* PSDOffersUITestsLaunchTests.swift */; };
		D03B62F129E466370097F71D /* Assets.xcassets in Resources */ = {isa = PBXBuildFile; fileRef = AEF8158B29AE71FB00E2BC4C /* Assets.xcassets */; };
		D05FB6B829C8C0140031F5C3 /* WebViewController.swift in Sources */ = {isa = PBXBuildFile; fileRef = D05FB6B729C8C0140031F5C3 /* WebViewController.swift */; };
		D093FF8529EEF169000C43E2 /* InfoViewController.swift in Sources */ = {isa = PBXBuildFile; fileRef = D093FF8429EEF169000C43E2 /* InfoViewController.swift */; };
		D093FF8729EEF243000C43E2 /* InfoCell.swift in Sources */ = {isa = PBXBuildFile; fileRef = D093FF8629EEF243000C43E2 /* InfoCell.swift */; };
		D093FF8929EEF279000C43E2 /* InfoCell.xib in Resources */ = {isa = PBXBuildFile; fileRef = D093FF8829EEF279000C43E2 /* InfoCell.xib */; };
		D0A4A5F429E5B5EF00A6D6DB /* CategoryList.swift in Sources */ = {isa = PBXBuildFile; fileRef = D0A4A5F329E5B5EF00A6D6DB /* CategoryList.swift */; };
		D0A4A5F629E5B70E00A6D6DB /* CategoryCell.xib in Resources */ = {isa = PBXBuildFile; fileRef = D0A4A5F529E5B70E00A6D6DB /* CategoryCell.xib */; };
		D0A4A5F829E5B78500A6D6DB /* CategoryCell.swift in Sources */ = {isa = PBXBuildFile; fileRef = D0A4A5F729E5B78500A6D6DB /* CategoryCell.swift */; };
		D0A4A60029E70D0D00A6D6DB /* ExtString.swift in Sources */ = {isa = PBXBuildFile; fileRef = D0A4A5FF29E70D0D00A6D6DB /* ExtString.swift */; };
		D0A4A60229EDA5D200A6D6DB /* CompactOfferCell.xib in Resources */ = {isa = PBXBuildFile; fileRef = D0A4A60129EDA5D200A6D6DB /* CompactOfferCell.xib */; };
		D0A4A60429EDAA6200A6D6DB /* MapOfferCell.xib in Resources */ = {isa = PBXBuildFile; fileRef = D0A4A60329EDAA6200A6D6DB /* MapOfferCell.xib */; };
		D0A4EA0229DC897300386430 /* OfferListTable.swift in Sources */ = {isa = PBXBuildFile; fileRef = D0A4EA0129DC897300386430 /* OfferListTable.swift */; };
		D0FAB47329DB2F0F0013E327 /* testOffers.json in Resources */ = {isa = PBXBuildFile; fileRef = D0FAB47229DB2F0F0013E327 /* testOffers.json */; };
/* End PBXBuildFile section */

/* Begin PBXContainerItemProxy section */
		AEF8159629AE71FB00E2BC4C /* PBXContainerItemProxy */ = {
			isa = PBXContainerItemProxy;
			containerPortal = AEF8157729AE71FA00E2BC4C /* Project object */;
			proxyType = 1;
			remoteGlobalIDString = AEF8157E29AE71FA00E2BC4C;
			remoteInfo = PSDOffers;
		};
		AEF815A029AE71FB00E2BC4C /* PBXContainerItemProxy */ = {
			isa = PBXContainerItemProxy;
			containerPortal = AEF8157729AE71FA00E2BC4C /* Project object */;
			proxyType = 1;
			remoteGlobalIDString = AEF8157E29AE71FA00E2BC4C;
			remoteInfo = PSDOffers;
		};
/* End PBXContainerItemProxy section */

/* Begin PBXFileReference section */
		6BC2A6CB29B10F57009BD1B1 /* Re:Max Location.gpx */ = {isa = PBXFileReference; fileEncoding = 4; lastKnownFileType = text.xml; path = "Re:Max Location.gpx"; sourceTree = "<group>"; };
		6BC2A6CC29B10F57009BD1B1 /* blue credit 3.gpx */ = {isa = PBXFileReference; fileEncoding = 4; lastKnownFileType = text.xml; path = "blue credit 3.gpx"; sourceTree = "<group>"; };
		6BC2A6CD29B10F57009BD1B1 /* blue credit 2.gpx */ = {isa = PBXFileReference; fileEncoding = 4; lastKnownFileType = text.xml; path = "blue credit 2.gpx"; sourceTree = "<group>"; };
		6BC2A6CE29B10F57009BD1B1 /* Cups Coffee.gpx */ = {isa = PBXFileReference; fileEncoding = 4; lastKnownFileType = text.xml; path = "Cups Coffee.gpx"; sourceTree = "<group>"; };
		6BC2A6CF29B10F57009BD1B1 /* Tmobile 2.gpx */ = {isa = PBXFileReference; fileEncoding = 4; lastKnownFileType = text.xml; path = "Tmobile 2.gpx"; sourceTree = "<group>"; };
		6BC2A6D029B10F58009BD1B1 /* Tmobile 1.gpx */ = {isa = PBXFileReference; fileEncoding = 4; lastKnownFileType = text.xml; path = "Tmobile 1.gpx"; sourceTree = "<group>"; };
		6BC2A6D129B10F58009BD1B1 /* blue credit 1.gpx */ = {isa = PBXFileReference; fileEncoding = 4; lastKnownFileType = text.xml; path = "blue credit 1.gpx"; sourceTree = "<group>"; };
		6BC2A6D229B10F58009BD1B1 /* Tmobile 3.gpx */ = {isa = PBXFileReference; fileEncoding = 4; lastKnownFileType = text.xml; path = "Tmobile 3.gpx"; sourceTree = "<group>"; };
		6BC2A6D329B10F58009BD1B1 /* blankish template copy 3.gpx */ = {isa = PBXFileReference; fileEncoding = 4; lastKnownFileType = text.xml; path = "blankish template copy 3.gpx"; sourceTree = "<group>"; };
		6BC2A6D429B10F58009BD1B1 /* Cross Country.gpx */ = {isa = PBXFileReference; fileEncoding = 4; lastKnownFileType = text.xml; path = "Cross Country.gpx"; sourceTree = "<group>"; };
		6BC2A6D529B10F58009BD1B1 /* Super Natural Eats.gpx */ = {isa = PBXFileReference; fileEncoding = 4; lastKnownFileType = text.xml; path = "Super Natural Eats.gpx"; sourceTree = "<group>"; };
		9F0F24FE29B6B81300507C5E /* offers.json */ = {isa = PBXFileReference; lastKnownFileType = text.json; path = offers.json; sourceTree = "<group>"; };
		AEF1EAD629AFB6F0009D3C63 /* Offer.swift */ = {isa = PBXFileReference; lastKnownFileType = sourcecode.swift; path = Offer.swift; sourceTree = "<group>"; };
		AEF1EAD829AFBC47009D3C63 /* OfferCell.xib */ = {isa = PBXFileReference; lastKnownFileType = file.xib; path = OfferCell.xib; sourceTree = "<group>"; };
		AEF1EADA29AFBD01009D3C63 /* OfferCell.swift */ = {isa = PBXFileReference; lastKnownFileType = sourcecode.swift; path = OfferCell.swift; sourceTree = "<group>"; };
		AEF1EADC29AFC0ED009D3C63 /* OfferList.swift */ = {isa = PBXFileReference; lastKnownFileType = sourcecode.swift; path = OfferList.swift; sourceTree = "<group>"; };
		AEF1EADE29AFC6D1009D3C63 /* OfferMap.swift */ = {isa = PBXFileReference; lastKnownFileType = sourcecode.swift; path = OfferMap.swift; sourceTree = "<group>"; };
		AEF8157F29AE71FA00E2BC4C /* PSDOffers.app */ = {isa = PBXFileReference; explicitFileType = wrapper.application; includeInIndex = 0; path = PSDOffers.app; sourceTree = BUILT_PRODUCTS_DIR; };
		AEF8158229AE71FA00E2BC4C /* AppDelegate.swift */ = {isa = PBXFileReference; lastKnownFileType = sourcecode.swift; path = AppDelegate.swift; sourceTree = "<group>"; };
		AEF8158429AE71FA00E2BC4C /* SceneDelegate.swift */ = {isa = PBXFileReference; lastKnownFileType = sourcecode.swift; path = SceneDelegate.swift; sourceTree = "<group>"; };
		AEF8158929AE71FA00E2BC4C /* Base */ = {isa = PBXFileReference; lastKnownFileType = file.storyboard; name = Base; path = Base.lproj/Main.storyboard; sourceTree = "<group>"; };
		AEF8158B29AE71FB00E2BC4C /* Assets.xcassets */ = {isa = PBXFileReference; lastKnownFileType = folder.assetcatalog; name = Assets.xcassets; path = PSDOffers/Assets.xcassets; sourceTree = SOURCE_ROOT; };
		AEF8158E29AE71FB00E2BC4C /* Base */ = {isa = PBXFileReference; lastKnownFileType = file.storyboard; name = Base; path = Base.lproj/LaunchScreen.storyboard; sourceTree = "<group>"; };
		AEF8159029AE71FB00E2BC4C /* Info.plist */ = {isa = PBXFileReference; lastKnownFileType = text.plist.xml; path = Info.plist; sourceTree = "<group>"; };
		AEF8159529AE71FB00E2BC4C /* PSDOffersTests.xctest */ = {isa = PBXFileReference; explicitFileType = wrapper.cfbundle; includeInIndex = 0; path = PSDOffersTests.xctest; sourceTree = BUILT_PRODUCTS_DIR; };
		AEF8159929AE71FB00E2BC4C /* PSDOffersTests.swift */ = {isa = PBXFileReference; lastKnownFileType = sourcecode.swift; path = PSDOffersTests.swift; sourceTree = "<group>"; };
		AEF8159F29AE71FB00E2BC4C /* PSDOffersUITests.xctest */ = {isa = PBXFileReference; explicitFileType = wrapper.cfbundle; includeInIndex = 0; path = PSDOffersUITests.xctest; sourceTree = BUILT_PRODUCTS_DIR; };
		AEF815A329AE71FC00E2BC4C /* PSDOffersUITests.swift */ = {isa = PBXFileReference; lastKnownFileType = sourcecode.swift; path = PSDOffersUITests.swift; sourceTree = "<group>"; };
		AEF815A529AE71FC00E2BC4C /* PSDOffersUITestsLaunchTests.swift */ = {isa = PBXFileReference; lastKnownFileType = sourcecode.swift; path = PSDOffersUITestsLaunchTests.swift; sourceTree = "<group>"; };
		D05FB6B729C8C0140031F5C3 /* WebViewController.swift */ = {isa = PBXFileReference; lastKnownFileType = sourcecode.swift; path = WebViewController.swift; sourceTree = "<group>"; };
		D093FF8429EEF169000C43E2 /* InfoViewController.swift */ = {isa = PBXFileReference; lastKnownFileType = sourcecode.swift; path = InfoViewController.swift; sourceTree = "<group>"; };
		D093FF8629EEF243000C43E2 /* InfoCell.swift */ = {isa = PBXFileReference; lastKnownFileType = sourcecode.swift; path = InfoCell.swift; sourceTree = "<group>"; };
		D093FF8829EEF279000C43E2 /* InfoCell.xib */ = {isa = PBXFileReference; lastKnownFileType = file.xib; path = InfoCell.xib; sourceTree = "<group>"; };
		D0A4A5F329E5B5EF00A6D6DB /* CategoryList.swift */ = {isa = PBXFileReference; lastKnownFileType = sourcecode.swift; path = CategoryList.swift; sourceTree = "<group>"; };
		D0A4A5F529E5B70E00A6D6DB /* CategoryCell.xib */ = {isa = PBXFileReference; lastKnownFileType = file.xib; path = CategoryCell.xib; sourceTree = "<group>"; };
		D0A4A5F729E5B78500A6D6DB /* CategoryCell.swift */ = {isa = PBXFileReference; lastKnownFileType = sourcecode.swift; path = CategoryCell.swift; sourceTree = "<group>"; };
		D0A4A5FF29E70D0D00A6D6DB /* ExtString.swift */ = {isa = PBXFileReference; lastKnownFileType = sourcecode.swift; path = ExtString.swift; sourceTree = "<group>"; };
		D0A4A60129EDA5D200A6D6DB /* CompactOfferCell.xib */ = {isa = PBXFileReference; lastKnownFileType = file.xib; path = CompactOfferCell.xib; sourceTree = "<group>"; };
		D0A4A60329EDAA6200A6D6DB /* MapOfferCell.xib */ = {isa = PBXFileReference; lastKnownFileType = file.xib; path = MapOfferCell.xib; sourceTree = "<group>"; };
		D0A4EA0129DC897300386430 /* OfferListTable.swift */ = {isa = PBXFileReference; lastKnownFileType = sourcecode.swift; path = OfferListTable.swift; sourceTree = "<group>"; };
		D0FAB47229DB2F0F0013E327 /* testOffers.json */ = {isa = PBXFileReference; lastKnownFileType = text.json; path = testOffers.json; sourceTree = "<group>"; };
/* End PBXFileReference section */

/* Begin PBXFrameworksBuildPhase section */
		AEF8157C29AE71FA00E2BC4C /* Frameworks */ = {
			isa = PBXFrameworksBuildPhase;
			buildActionMask = 2147483647;
			files = (
			);
			runOnlyForDeploymentPostprocessing = 0;
		};
		AEF8159229AE71FB00E2BC4C /* Frameworks */ = {
			isa = PBXFrameworksBuildPhase;
			buildActionMask = 2147483647;
			files = (
			);
			runOnlyForDeploymentPostprocessing = 0;
		};
		AEF8159C29AE71FB00E2BC4C /* Frameworks */ = {
			isa = PBXFrameworksBuildPhase;
			buildActionMask = 2147483647;
			files = (
			);
			runOnlyForDeploymentPostprocessing = 0;
		};
/* End PBXFrameworksBuildPhase section */

/* Begin PBXGroup section */
		6BC2A6CA29B10EA8009BD1B1 /* Locations */ = {
			isa = PBXGroup;
			children = (
				6BC2A6D329B10F58009BD1B1 /* blankish template copy 3.gpx */,
				6BC2A6D129B10F58009BD1B1 /* blue credit 1.gpx */,
				6BC2A6CD29B10F57009BD1B1 /* blue credit 2.gpx */,
				6BC2A6CC29B10F57009BD1B1 /* blue credit 3.gpx */,
				6BC2A6D429B10F58009BD1B1 /* Cross Country.gpx */,
				6BC2A6CE29B10F57009BD1B1 /* Cups Coffee.gpx */,
				6BC2A6CB29B10F57009BD1B1 /* Re:Max Location.gpx */,
				6BC2A6D529B10F58009BD1B1 /* Super Natural Eats.gpx */,
				6BC2A6D029B10F58009BD1B1 /* Tmobile 1.gpx */,
				6BC2A6CF29B10F57009BD1B1 /* Tmobile 2.gpx */,
				6BC2A6D229B10F58009BD1B1 /* Tmobile 3.gpx */,
			);
			path = Locations;
			sourceTree = "<group>";
		};
		AEF8157629AE71FA00E2BC4C = {
			isa = PBXGroup;
			children = (
				AEF8158129AE71FA00E2BC4C /* PSDOffers */,
				AEF8159829AE71FB00E2BC4C /* PSDOffersTests */,
				AEF815A229AE71FB00E2BC4C /* PSDOffersUITests */,
				AEF8158029AE71FA00E2BC4C /* Products */,
			);
			sourceTree = "<group>";
		};
		AEF8158029AE71FA00E2BC4C /* Products */ = {
			isa = PBXGroup;
			children = (
				AEF8157F29AE71FA00E2BC4C /* PSDOffers.app */,
				AEF8159529AE71FB00E2BC4C /* PSDOffersTests.xctest */,
				AEF8159F29AE71FB00E2BC4C /* PSDOffersUITests.xctest */,
			);
			name = Products;
			sourceTree = "<group>";
		};
		AEF8158129AE71FA00E2BC4C /* PSDOffers */ = {
			isa = PBXGroup;
			children = (
				6BC2A6CA29B10EA8009BD1B1 /* Locations */,
				D0A4A5FA29E5B85400A6D6DB /* Json */,
				D0A4A5FB29E5B91200A6D6DB /* Graphics */,
				D0A4A5FD29E5B9C200A6D6DB /* Code */,
				AEF8158429AE71FA00E2BC4C /* SceneDelegate.swift */,
				AEF8158B29AE71FB00E2BC4C /* Assets.xcassets */,
				AEF8158829AE71FA00E2BC4C /* Main.storyboard */,
				AEF8158229AE71FA00E2BC4C /* AppDelegate.swift */,
				AEF8158D29AE71FB00E2BC4C /* LaunchScreen.storyboard */,
				AEF8159029AE71FB00E2BC4C /* Info.plist */,
			);
			path = PSDOffers;
			sourceTree = "<group>";
		};
		AEF8159829AE71FB00E2BC4C /* PSDOffersTests */ = {
			isa = PBXGroup;
			children = (
				AEF8159929AE71FB00E2BC4C /* PSDOffersTests.swift */,
			);
			path = PSDOffersTests;
			sourceTree = "<group>";
		};
		AEF815A229AE71FB00E2BC4C /* PSDOffersUITests */ = {
			isa = PBXGroup;
			children = (
				AEF815A329AE71FC00E2BC4C /* PSDOffersUITests.swift */,
				AEF815A529AE71FC00E2BC4C /* PSDOffersUITestsLaunchTests.swift */,
			);
			path = PSDOffersUITests;
			sourceTree = "<group>";
		};
		D0A4A5F929E5B7D300A6D6DB /* View Controllers */ = {
			isa = PBXGroup;
			children = (
				AEF1EADE29AFC6D1009D3C63 /* OfferMap.swift */,
				D05FB6B729C8C0140031F5C3 /* WebViewController.swift */,
				AEF1EADC29AFC0ED009D3C63 /* OfferList.swift */,
				D0A4EA0129DC897300386430 /* OfferListTable.swift */,
				D0A4A5F329E5B5EF00A6D6DB /* CategoryList.swift */,
				D093FF8429EEF169000C43E2 /* InfoViewController.swift */,
				AEF1EAD629AFB6F0009D3C63 /* Offer.swift */,
			);
			path = "View Controllers";
			sourceTree = "<group>";
		};
		D0A4A5FA29E5B85400A6D6DB /* Json */ = {
			isa = PBXGroup;
			children = (
				9F0F24FE29B6B81300507C5E /* offers.json */,
				D0FAB47229DB2F0F0013E327 /* testOffers.json */,
			);
			path = Json;
			sourceTree = "<group>";
		};
		D0A4A5FB29E5B91200A6D6DB /* Graphics */ = {
			isa = PBXGroup;
			children = (
				D0A4A5F529E5B70E00A6D6DB /* CategoryCell.xib */,
				AEF1EAD829AFBC47009D3C63 /* OfferCell.xib */,
				D0A4A60129EDA5D200A6D6DB /* CompactOfferCell.xib */,
				D0A4A60329EDAA6200A6D6DB /* MapOfferCell.xib */,
				D093FF8829EEF279000C43E2 /* InfoCell.xib */,
			);
			path = Graphics;
			sourceTree = "<group>";
		};
		D0A4A5FC29E5B94200A6D6DB /* Cells */ = {
			isa = PBXGroup;
			children = (
				AEF1EADA29AFBD01009D3C63 /* OfferCell.swift */,
				D0A4A5F729E5B78500A6D6DB /* CategoryCell.swift */,
				D093FF8629EEF243000C43E2 /* InfoCell.swift */,
			);
			path = Cells;
			sourceTree = "<group>";
		};
		D0A4A5FD29E5B9C200A6D6DB /* Code */ = {
			isa = PBXGroup;
			children = (
				D0A4A5FE29E70CEB00A6D6DB /* Extensions */,
				D0A4A5F929E5B7D300A6D6DB /* View Controllers */,
				D0A4A5FC29E5B94200A6D6DB /* Cells */,
			);
			path = Code;
			sourceTree = "<group>";
		};
		D0A4A5FE29E70CEB00A6D6DB /* Extensions */ = {
			isa = PBXGroup;
			children = (
				D0A4A5FF29E70D0D00A6D6DB /* ExtString.swift */,
			);
			path = Extensions;
			sourceTree = "<group>";
		};
/* End PBXGroup section */

/* Begin PBXNativeTarget section */
		AEF8157E29AE71FA00E2BC4C /* PSDOffers */ = {
			isa = PBXNativeTarget;
			buildConfigurationList = AEF815A929AE71FC00E2BC4C /* Build configuration list for PBXNativeTarget "PSDOffers" */;
			buildPhases = (
				AEF8157B29AE71FA00E2BC4C /* Sources */,
				AEF8157C29AE71FA00E2BC4C /* Frameworks */,
				AEF8157D29AE71FA00E2BC4C /* Resources */,
			);
			buildRules = (
			);
			dependencies = (
			);
			name = PSDOffers;
			productName = PSDOffers;
			productReference = AEF8157F29AE71FA00E2BC4C /* PSDOffers.app */;
			productType = "com.apple.product-type.application";
		};
		AEF8159429AE71FB00E2BC4C /* PSDOffersTests */ = {
			isa = PBXNativeTarget;
			buildConfigurationList = AEF815AC29AE71FC00E2BC4C /* Build configuration list for PBXNativeTarget "PSDOffersTests" */;
			buildPhases = (
				AEF8159129AE71FB00E2BC4C /* Sources */,
				AEF8159229AE71FB00E2BC4C /* Frameworks */,
				AEF8159329AE71FB00E2BC4C /* Resources */,
			);
			buildRules = (
			);
			dependencies = (
				AEF8159729AE71FB00E2BC4C /* PBXTargetDependency */,
			);
			name = PSDOffersTests;
			productName = PSDOffersTests;
			productReference = AEF8159529AE71FB00E2BC4C /* PSDOffersTests.xctest */;
			productType = "com.apple.product-type.bundle.unit-test";
		};
		AEF8159E29AE71FB00E2BC4C /* PSDOffersUITests */ = {
			isa = PBXNativeTarget;
			buildConfigurationList = AEF815AF29AE71FC00E2BC4C /* Build configuration list for PBXNativeTarget "PSDOffersUITests" */;
			buildPhases = (
				AEF8159B29AE71FB00E2BC4C /* Sources */,
				AEF8159C29AE71FB00E2BC4C /* Frameworks */,
				AEF8159D29AE71FB00E2BC4C /* Resources */,
			);
			buildRules = (
			);
			dependencies = (
				AEF815A129AE71FB00E2BC4C /* PBXTargetDependency */,
			);
			name = PSDOffersUITests;
			productName = PSDOffersUITests;
			productReference = AEF8159F29AE71FB00E2BC4C /* PSDOffersUITests.xctest */;
			productType = "com.apple.product-type.bundle.ui-testing";
		};
/* End PBXNativeTarget section */

/* Begin PBXProject section */
		AEF8157729AE71FA00E2BC4C /* Project object */ = {
			isa = PBXProject;
			attributes = {
				BuildIndependentTargetsInParallel = 1;
				LastSwiftUpdateCheck = 1420;
				LastUpgradeCheck = 1420;
				TargetAttributes = {
					AEF8157E29AE71FA00E2BC4C = {
						CreatedOnToolsVersion = 14.2;
					};
					AEF8159429AE71FB00E2BC4C = {
						CreatedOnToolsVersion = 14.2;
						TestTargetID = AEF8157E29AE71FA00E2BC4C;
					};
					AEF8159E29AE71FB00E2BC4C = {
						CreatedOnToolsVersion = 14.2;
						TestTargetID = AEF8157E29AE71FA00E2BC4C;
					};
				};
			};
			buildConfigurationList = AEF8157A29AE71FA00E2BC4C /* Build configuration list for PBXProject "PSDOffers" */;
			compatibilityVersion = "Xcode 14.0";
			developmentRegion = en;
			hasScannedForEncodings = 0;
			knownRegions = (
				en,
				Base,
			);
			mainGroup = AEF8157629AE71FA00E2BC4C;
			productRefGroup = AEF8158029AE71FA00E2BC4C /* Products */;
			projectDirPath = "";
			projectRoot = "";
			targets = (
				AEF8157E29AE71FA00E2BC4C /* PSDOffers */,
				AEF8159429AE71FB00E2BC4C /* PSDOffersTests */,
				AEF8159E29AE71FB00E2BC4C /* PSDOffersUITests */,
			);
		};
/* End PBXProject section */

/* Begin PBXResourcesBuildPhase section */
		AEF8157D29AE71FA00E2BC4C /* Resources */ = {
			isa = PBXResourcesBuildPhase;
			buildActionMask = 2147483647;
			files = (
				6BC2A6DE29B10F58009BD1B1 /* blankish template copy 3.gpx in Resources */,
				D093FF8929EEF279000C43E2 /* InfoCell.xib in Resources */,
				6BC2A6DA29B10F58009BD1B1 /* Tmobile 2.gpx in Resources */,
				6BC2A6E029B10F58009BD1B1 /* Super Natural Eats.gpx in Resources */,
				6BC2A6D829B10F58009BD1B1 /* blue credit 2.gpx in Resources */,
				AEF1EAD929AFBC47009D3C63 /* OfferCell.xib in Resources */,
				6BC2A6DF29B10F58009BD1B1 /* Cross Country.gpx in Resources */,
				D03B62F129E466370097F71D /* Assets.xcassets in Resources */,
				D0A4A5F629E5B70E00A6D6DB /* CategoryCell.xib in Resources */,
				AEF8158F29AE71FB00E2BC4C /* LaunchScreen.storyboard in Resources */,
				9F0F24FF29B6B81300507C5E /* offers.json in Resources */,
				6BC2A6DC29B10F58009BD1B1 /* blue credit 1.gpx in Resources */,
				6BC2A6D629B10F58009BD1B1 /* Re:Max Location.gpx in Resources */,
				6BC2A6D729B10F58009BD1B1 /* blue credit 3.gpx in Resources */,
				D0FAB47329DB2F0F0013E327 /* testOffers.json in Resources */,
				AEF8158A29AE71FA00E2BC4C /* Main.storyboard in Resources */,
				6BC2A6DD29B10F58009BD1B1 /* Tmobile 3.gpx in Resources */,
				6BC2A6D929B10F58009BD1B1 /* Cups Coffee.gpx in Resources */,
				D0A4A60429EDAA6200A6D6DB /* MapOfferCell.xib in Resources */,
				6BC2A6DB29B10F58009BD1B1 /* Tmobile 1.gpx in Resources */,
				D0A4A60229EDA5D200A6D6DB /* CompactOfferCell.xib in Resources */,
			);
			runOnlyForDeploymentPostprocessing = 0;
		};
		AEF8159329AE71FB00E2BC4C /* Resources */ = {
			isa = PBXResourcesBuildPhase;
			buildActionMask = 2147483647;
			files = (
			);
			runOnlyForDeploymentPostprocessing = 0;
		};
		AEF8159D29AE71FB00E2BC4C /* Resources */ = {
			isa = PBXResourcesBuildPhase;
			buildActionMask = 2147483647;
			files = (
			);
			runOnlyForDeploymentPostprocessing = 0;
		};
/* End PBXResourcesBuildPhase section */

/* Begin PBXSourcesBuildPhase section */
		AEF8157B29AE71FA00E2BC4C /* Sources */ = {
			isa = PBXSourcesBuildPhase;
			buildActionMask = 2147483647;
			files = (
				AEF1EADD29AFC0ED009D3C63 /* OfferList.swift in Sources */,
				AEF1EAD729AFB6F0009D3C63 /* Offer.swift in Sources */,
				AEF1EADF29AFC6D1009D3C63 /* OfferMap.swift in Sources */,
				D0A4EA0229DC897300386430 /* OfferListTable.swift in Sources */,
				AEF1EADB29AFBD01009D3C63 /* OfferCell.swift in Sources */,
				AEF8158329AE71FA00E2BC4C /* AppDelegate.swift in Sources */,
				D0A4A5F429E5B5EF00A6D6DB /* CategoryList.swift in Sources */,
				AEF8158529AE71FA00E2BC4C /* SceneDelegate.swift in Sources */,
				D05FB6B829C8C0140031F5C3 /* WebViewController.swift in Sources */,
				D093FF8729EEF243000C43E2 /* InfoCell.swift in Sources */,
				D0A4A5F829E5B78500A6D6DB /* CategoryCell.swift in Sources */,
				D093FF8529EEF169000C43E2 /* InfoViewController.swift in Sources */,
				D0A4A60029E70D0D00A6D6DB /* ExtString.swift in Sources */,
			);
			runOnlyForDeploymentPostprocessing = 0;
		};
		AEF8159129AE71FB00E2BC4C /* Sources */ = {
			isa = PBXSourcesBuildPhase;
			buildActionMask = 2147483647;
			files = (
				AEF8159A29AE71FB00E2BC4C /* PSDOffersTests.swift in Sources */,
			);
			runOnlyForDeploymentPostprocessing = 0;
		};
		AEF8159B29AE71FB00E2BC4C /* Sources */ = {
			isa = PBXSourcesBuildPhase;
			buildActionMask = 2147483647;
			files = (
				AEF815A429AE71FC00E2BC4C /* PSDOffersUITests.swift in Sources */,
				AEF815A629AE71FC00E2BC4C /* PSDOffersUITestsLaunchTests.swift in Sources */,
			);
			runOnlyForDeploymentPostprocessing = 0;
		};
/* End PBXSourcesBuildPhase section */

/* Begin PBXTargetDependency section */
		AEF8159729AE71FB00E2BC4C /* PBXTargetDependency */ = {
			isa = PBXTargetDependency;
			target = AEF8157E29AE71FA00E2BC4C /* PSDOffers */;
			targetProxy = AEF8159629AE71FB00E2BC4C /* PBXContainerItemProxy */;
		};
		AEF815A129AE71FB00E2BC4C /* PBXTargetDependency */ = {
			isa = PBXTargetDependency;
			target = AEF8157E29AE71FA00E2BC4C /* PSDOffers */;
			targetProxy = AEF815A029AE71FB00E2BC4C /* PBXContainerItemProxy */;
		};
/* End PBXTargetDependency section */

/* Begin PBXVariantGroup section */
		AEF8158829AE71FA00E2BC4C /* Main.storyboard */ = {
			isa = PBXVariantGroup;
			children = (
				AEF8158929AE71FA00E2BC4C /* Base */,
			);
			name = Main.storyboard;
			sourceTree = "<group>";
		};
		AEF8158D29AE71FB00E2BC4C /* LaunchScreen.storyboard */ = {
			isa = PBXVariantGroup;
			children = (
				AEF8158E29AE71FB00E2BC4C /* Base */,
			);
			name = LaunchScreen.storyboard;
			sourceTree = "<group>";
		};
/* End PBXVariantGroup section */

/* Begin XCBuildConfiguration section */
		AEF815A729AE71FC00E2BC4C /* Debug */ = {
			isa = XCBuildConfiguration;
			buildSettings = {
				ALWAYS_SEARCH_USER_PATHS = NO;
				CLANG_ANALYZER_NONNULL = YES;
				CLANG_ANALYZER_NUMBER_OBJECT_CONVERSION = YES_AGGRESSIVE;
				CLANG_CXX_LANGUAGE_STANDARD = "gnu++20";
				CLANG_ENABLE_MODULES = YES;
				CLANG_ENABLE_OBJC_ARC = YES;
				CLANG_ENABLE_OBJC_WEAK = YES;
				CLANG_WARN_BLOCK_CAPTURE_AUTORELEASING = YES;
				CLANG_WARN_BOOL_CONVERSION = YES;
				CLANG_WARN_COMMA = YES;
				CLANG_WARN_CONSTANT_CONVERSION = YES;
				CLANG_WARN_DEPRECATED_OBJC_IMPLEMENTATIONS = YES;
				CLANG_WARN_DIRECT_OBJC_ISA_USAGE = YES_ERROR;
				CLANG_WARN_DOCUMENTATION_COMMENTS = YES;
				CLANG_WARN_EMPTY_BODY = YES;
				CLANG_WARN_ENUM_CONVERSION = YES;
				CLANG_WARN_INFINITE_RECURSION = YES;
				CLANG_WARN_INT_CONVERSION = YES;
				CLANG_WARN_NON_LITERAL_NULL_CONVERSION = YES;
				CLANG_WARN_OBJC_IMPLICIT_RETAIN_SELF = YES;
				CLANG_WARN_OBJC_LITERAL_CONVERSION = YES;
				CLANG_WARN_OBJC_ROOT_CLASS = YES_ERROR;
				CLANG_WARN_QUOTED_INCLUDE_IN_FRAMEWORK_HEADER = YES;
				CLANG_WARN_RANGE_LOOP_ANALYSIS = YES;
				CLANG_WARN_STRICT_PROTOTYPES = YES;
				CLANG_WARN_SUSPICIOUS_MOVE = YES;
				CLANG_WARN_UNGUARDED_AVAILABILITY = YES_AGGRESSIVE;
				CLANG_WARN_UNREACHABLE_CODE = YES;
				CLANG_WARN__DUPLICATE_METHOD_MATCH = YES;
				COPY_PHASE_STRIP = NO;
				DEBUG_INFORMATION_FORMAT = dwarf;
				ENABLE_STRICT_OBJC_MSGSEND = YES;
				ENABLE_TESTABILITY = YES;
				GCC_C_LANGUAGE_STANDARD = gnu11;
				GCC_DYNAMIC_NO_PIC = NO;
				GCC_NO_COMMON_BLOCKS = YES;
				GCC_OPTIMIZATION_LEVEL = 0;
				GCC_PREPROCESSOR_DEFINITIONS = (
					"DEBUG=1",
					"$(inherited)",
				);
				GCC_WARN_64_TO_32_BIT_CONVERSION = YES;
				GCC_WARN_ABOUT_RETURN_TYPE = YES_ERROR;
				GCC_WARN_UNDECLARED_SELECTOR = YES;
				GCC_WARN_UNINITIALIZED_AUTOS = YES_AGGRESSIVE;
				GCC_WARN_UNUSED_FUNCTION = YES;
				GCC_WARN_UNUSED_VARIABLE = YES;
				IPHONEOS_DEPLOYMENT_TARGET = 16.0;
				MTL_ENABLE_DEBUG_INFO = INCLUDE_SOURCE;
				MTL_FAST_MATH = YES;
				ONLY_ACTIVE_ARCH = YES;
				SDKROOT = iphoneos;
				SWIFT_ACTIVE_COMPILATION_CONDITIONS = DEBUG;
				SWIFT_OPTIMIZATION_LEVEL = "-Onone";
			};
			name = Debug;
		};
		AEF815A829AE71FC00E2BC4C /* Release */ = {
			isa = XCBuildConfiguration;
			buildSettings = {
				ALWAYS_SEARCH_USER_PATHS = NO;
				CLANG_ANALYZER_NONNULL = YES;
				CLANG_ANALYZER_NUMBER_OBJECT_CONVERSION = YES_AGGRESSIVE;
				CLANG_CXX_LANGUAGE_STANDARD = "gnu++20";
				CLANG_ENABLE_MODULES = YES;
				CLANG_ENABLE_OBJC_ARC = YES;
				CLANG_ENABLE_OBJC_WEAK = YES;
				CLANG_WARN_BLOCK_CAPTURE_AUTORELEASING = YES;
				CLANG_WARN_BOOL_CONVERSION = YES;
				CLANG_WARN_COMMA = YES;
				CLANG_WARN_CONSTANT_CONVERSION = YES;
				CLANG_WARN_DEPRECATED_OBJC_IMPLEMENTATIONS = YES;
				CLANG_WARN_DIRECT_OBJC_ISA_USAGE = YES_ERROR;
				CLANG_WARN_DOCUMENTATION_COMMENTS = YES;
				CLANG_WARN_EMPTY_BODY = YES;
				CLANG_WARN_ENUM_CONVERSION = YES;
				CLANG_WARN_INFINITE_RECURSION = YES;
				CLANG_WARN_INT_CONVERSION = YES;
				CLANG_WARN_NON_LITERAL_NULL_CONVERSION = YES;
				CLANG_WARN_OBJC_IMPLICIT_RETAIN_SELF = YES;
				CLANG_WARN_OBJC_LITERAL_CONVERSION = YES;
				CLANG_WARN_OBJC_ROOT_CLASS = YES_ERROR;
				CLANG_WARN_QUOTED_INCLUDE_IN_FRAMEWORK_HEADER = YES;
				CLANG_WARN_RANGE_LOOP_ANALYSIS = YES;
				CLANG_WARN_STRICT_PROTOTYPES = YES;
				CLANG_WARN_SUSPICIOUS_MOVE = YES;
				CLANG_WARN_UNGUARDED_AVAILABILITY = YES_AGGRESSIVE;
				CLANG_WARN_UNREACHABLE_CODE = YES;
				CLANG_WARN__DUPLICATE_METHOD_MATCH = YES;
				COPY_PHASE_STRIP = NO;
				DEBUG_INFORMATION_FORMAT = "dwarf-with-dsym";
				ENABLE_NS_ASSERTIONS = NO;
				ENABLE_STRICT_OBJC_MSGSEND = YES;
				GCC_C_LANGUAGE_STANDARD = gnu11;
				GCC_NO_COMMON_BLOCKS = YES;
				GCC_WARN_64_TO_32_BIT_CONVERSION = YES;
				GCC_WARN_ABOUT_RETURN_TYPE = YES_ERROR;
				GCC_WARN_UNDECLARED_SELECTOR = YES;
				GCC_WARN_UNINITIALIZED_AUTOS = YES_AGGRESSIVE;
				GCC_WARN_UNUSED_FUNCTION = YES;
				GCC_WARN_UNUSED_VARIABLE = YES;
				IPHONEOS_DEPLOYMENT_TARGET = 16.0;
				MTL_ENABLE_DEBUG_INFO = NO;
				MTL_FAST_MATH = YES;
				SDKROOT = iphoneos;
				SWIFT_COMPILATION_MODE = wholemodule;
				SWIFT_OPTIMIZATION_LEVEL = "-O";
				VALIDATE_PRODUCT = YES;
			};
			name = Release;
		};
		AEF815AA29AE71FC00E2BC4C /* Debug */ = {
			isa = XCBuildConfiguration;
			buildSettings = {
				ASSETCATALOG_COMPILER_APPICON_NAME = AppIcon;
				ASSETCATALOG_COMPILER_GLOBAL_ACCENT_COLOR_NAME = AccentColor;
				CODE_SIGN_STYLE = Automatic;
				CURRENT_PROJECT_VERSION = 3;
				DEVELOPMENT_TEAM = RU4WD266ZD;
				GENERATE_INFOPLIST_FILE = YES;
				INFOPLIST_FILE = PSDOffers/Info.plist;
				INFOPLIST_KEY_NSLocationWhenInUseUsageDescription = "Show where you are.";
				INFOPLIST_KEY_UIApplicationSupportsIndirectInputEvents = YES;
				INFOPLIST_KEY_UILaunchStoryboardName = LaunchScreen;
				INFOPLIST_KEY_UIMainStoryboardFile = Main;
				INFOPLIST_KEY_UISupportedInterfaceOrientations_iPad = "UIInterfaceOrientationPortrait UIInterfaceOrientationPortraitUpsideDown UIInterfaceOrientationLandscapeLeft UIInterfaceOrientationLandscapeRight";
				INFOPLIST_KEY_UISupportedInterfaceOrientations_iPhone = "UIInterfaceOrientationPortrait UIInterfaceOrientationLandscapeLeft UIInterfaceOrientationLandscapeRight";
				IPHONEOS_DEPLOYMENT_TARGET = 16.0;
				LD_RUNPATH_SEARCH_PATHS = (
					"$(inherited)",
					"@executable_path/Frameworks",
				);
				MARKETING_VERSION = 1.0;
				PRODUCT_BUNDLE_IDENTIFIER = offers.PSDOffers;
				PRODUCT_NAME = "$(TARGET_NAME)";
				SWIFT_EMIT_LOC_STRINGS = YES;
				SWIFT_VERSION = 5.0;
				TARGETED_DEVICE_FAMILY = "1,2";
			};
			name = Debug;
		};
		AEF815AB29AE71FC00E2BC4C /* Release */ = {
			isa = XCBuildConfiguration;
			buildSettings = {
				ASSETCATALOG_COMPILER_APPICON_NAME = AppIcon;
				ASSETCATALOG_COMPILER_GLOBAL_ACCENT_COLOR_NAME = AccentColor;
				CODE_SIGN_IDENTITY = "Apple Development";
				CODE_SIGN_STYLE = Automatic;
				CURRENT_PROJECT_VERSION = 3;
				DEVELOPMENT_TEAM = RU4WD266ZD;
				GENERATE_INFOPLIST_FILE = YES;
				INFOPLIST_FILE = PSDOffers/Info.plist;
				INFOPLIST_KEY_NSLocationWhenInUseUsageDescription = "Show where you are.";
				INFOPLIST_KEY_UIApplicationSupportsIndirectInputEvents = YES;
				INFOPLIST_KEY_UILaunchStoryboardName = LaunchScreen;
				INFOPLIST_KEY_UIMainStoryboardFile = Main;
				INFOPLIST_KEY_UISupportedInterfaceOrientations_iPad = "UIInterfaceOrientationPortrait UIInterfaceOrientationPortraitUpsideDown UIInterfaceOrientationLandscapeLeft UIInterfaceOrientationLandscapeRight";
				INFOPLIST_KEY_UISupportedInterfaceOrientations_iPhone = "UIInterfaceOrientationPortrait UIInterfaceOrientationLandscapeLeft UIInterfaceOrientationLandscapeRight";
				IPHONEOS_DEPLOYMENT_TARGET = 16.0;
				LD_RUNPATH_SEARCH_PATHS = (
					"$(inherited)",
					"@executable_path/Frameworks",
				);
				MARKETING_VERSION = 1.0;
				PRODUCT_BUNDLE_IDENTIFIER = offers.PSDOffers;
				PRODUCT_NAME = "$(TARGET_NAME)";
				PROVISIONING_PROFILE_SPECIFIER = "";
				SWIFT_EMIT_LOC_STRINGS = YES;
				SWIFT_VERSION = 5.0;
				TARGETED_DEVICE_FAMILY = "1,2";
			};
			name = Release;
		};
		AEF815AD29AE71FC00E2BC4C /* Debug */ = {
			isa = XCBuildConfiguration;
			buildSettings = {
				ALWAYS_EMBED_SWIFT_STANDARD_LIBRARIES = YES;
				BUNDLE_LOADER = "$(TEST_HOST)";
				CODE_SIGN_STYLE = Automatic;
				CURRENT_PROJECT_VERSION = 1;
				DEVELOPMENT_TEAM = NP7VLSL82Z;
				GENERATE_INFOPLIST_FILE = YES;
				IPHONEOS_DEPLOYMENT_TARGET = 16.0;
				MARKETING_VERSION = 1.0;
				PRODUCT_BUNDLE_IDENTIFIER = dtmcgra.PSDOffersTests;
				PRODUCT_NAME = "$(TARGET_NAME)";
				SWIFT_EMIT_LOC_STRINGS = NO;
				SWIFT_VERSION = 5.0;
				TARGETED_DEVICE_FAMILY = "1,2";
				TEST_HOST = "$(BUILT_PRODUCTS_DIR)/PSDOffers.app/$(BUNDLE_EXECUTABLE_FOLDER_PATH)/PSDOffers";
			};
			name = Debug;
		};
		AEF815AE29AE71FC00E2BC4C /* Release */ = {
			isa = XCBuildConfiguration;
			buildSettings = {
				ALWAYS_EMBED_SWIFT_STANDARD_LIBRARIES = YES;
				BUNDLE_LOADER = "$(TEST_HOST)";
				CODE_SIGN_STYLE = Automatic;
				CURRENT_PROJECT_VERSION = 1;
				DEVELOPMENT_TEAM = NP7VLSL82Z;
				GENERATE_INFOPLIST_FILE = YES;
				IPHONEOS_DEPLOYMENT_TARGET = 16.0;
				MARKETING_VERSION = 1.0;
				PRODUCT_BUNDLE_IDENTIFIER = dtmcgra.PSDOffersTests;
				PRODUCT_NAME = "$(TARGET_NAME)";
				SWIFT_EMIT_LOC_STRINGS = NO;
				SWIFT_VERSION = 5.0;
				TARGETED_DEVICE_FAMILY = "1,2";
				TEST_HOST = "$(BUILT_PRODUCTS_DIR)/PSDOffers.app/$(BUNDLE_EXECUTABLE_FOLDER_PATH)/PSDOffers";
			};
			name = Release;
		};
		AEF815B029AE71FC00E2BC4C /* Debug */ = {
			isa = XCBuildConfiguration;
			buildSettings = {
				ALWAYS_EMBED_SWIFT_STANDARD_LIBRARIES = YES;
				CODE_SIGN_STYLE = Automatic;
				CURRENT_PROJECT_VERSION = 1;
				DEVELOPMENT_TEAM = X3J9HZLD55;
				GENERATE_INFOPLIST_FILE = YES;
				MARKETING_VERSION = 1.0;
				PRODUCT_BUNDLE_IDENTIFIER = dtmcgra.PSDOffersUITests;
				PRODUCT_NAME = "$(TARGET_NAME)";
				SWIFT_EMIT_LOC_STRINGS = NO;
				SWIFT_VERSION = 5.0;
				TARGETED_DEVICE_FAMILY = "1,2";
				TEST_TARGET_NAME = PSDOffers;
			};
			name = Debug;
		};
		AEF815B129AE71FC00E2BC4C /* Release */ = {
			isa = XCBuildConfiguration;
			buildSettings = {
				ALWAYS_EMBED_SWIFT_STANDARD_LIBRARIES = YES;
				CODE_SIGN_STYLE = Automatic;
				CURRENT_PROJECT_VERSION = 1;
				DEVELOPMENT_TEAM = X3J9HZLD55;
				GENERATE_INFOPLIST_FILE = YES;
				MARKETING_VERSION = 1.0;
				PRODUCT_BUNDLE_IDENTIFIER = dtmcgra.PSDOffersUITests;
				PRODUCT_NAME = "$(TARGET_NAME)";
				SWIFT_EMIT_LOC_STRINGS = NO;
				SWIFT_VERSION = 5.0;
				TARGETED_DEVICE_FAMILY = "1,2";
				TEST_TARGET_NAME = PSDOffers;
			};
			name = Release;
		};
/* End XCBuildConfiguration section */

/* Begin XCConfigurationList section */
		AEF8157A29AE71FA00E2BC4C /* Build configuration list for PBXProject "PSDOffers" */ = {
			isa = XCConfigurationList;
			buildConfigurations = (
				AEF815A729AE71FC00E2BC4C /* Debug */,
				AEF815A829AE71FC00E2BC4C /* Release */,
			);
			defaultConfigurationIsVisible = 0;
			defaultConfigurationName = Release;
		};
		AEF815A929AE71FC00E2BC4C /* Build configuration list for PBXNativeTarget "PSDOffers" */ = {
			isa = XCConfigurationList;
			buildConfigurations = (
				AEF815AA29AE71FC00E2BC4C /* Debug */,
				AEF815AB29AE71FC00E2BC4C /* Release */,
			);
			defaultConfigurationIsVisible = 0;
			defaultConfigurationName = Release;
		};
		AEF815AC29AE71FC00E2BC4C /* Build configuration list for PBXNativeTarget "PSDOffersTests" */ = {
			isa = XCConfigurationList;
			buildConfigurations = (
				AEF815AD29AE71FC00E2BC4C /* Debug */,
				AEF815AE29AE71FC00E2BC4C /* Release */,
			);
			defaultConfigurationIsVisible = 0;
			defaultConfigurationName = Release;
		};
		AEF815AF29AE71FC00E2BC4C /* Build configuration list for PBXNativeTarget "PSDOffersUITests" */ = {
			isa = XCConfigurationList;
			buildConfigurations = (
				AEF815B029AE71FC00E2BC4C /* Debug */,
				AEF815B129AE71FC00E2BC4C /* Release */,
			);
			defaultConfigurationIsVisible = 0;
			defaultConfigurationName = Release;
		};
/* End XCConfigurationList section */
	};
	rootObject = AEF8157729AE71FA00E2BC4C /* Project object */;
}
